
Microsoft Visual Studio Solution File, Format Version 12.00
# Visual Studio Version 16
VisualStudioVersion = 16.0.31112.23
MinimumVisualStudioVersion = 15.0.26124.0
Project("{2150E333-8FDC-42A3-9474-1A3956D46DE8}") = "APIs", "APIs", "{3EABC766-5B66-42B8-9C44-660911380DA4}"
EndProject
Project("{2150E333-8FDC-42A3-9474-1A3956D46DE8}") = "VehicleRegister.VehicleAPI", "VehicleRegister.VehicleAPI", "{4C445657-562C-418D-9389-A7B596A62227}"
EndProject
Project("{2150E333-8FDC-42A3-9474-1A3956D46DE8}") = "Data", "Data", "{F12D63DC-BF9A-4835-B7B6-FFE5D211BB6D}"
EndProject
Project("{2150E333-8FDC-42A3-9474-1A3956D46DE8}") = "EntityFramework.Data", "EntityFramework.Data", "{610E8893-9E11-40E8-84AB-C6BFF1076B14}"
EndProject
Project("{2150E333-8FDC-42A3-9474-1A3956D46DE8}") = "Client", "Client", "{79E3066B-CCD2-403C-9950-FCEB994270BB}"
EndProject
Project("{2150E333-8FDC-42A3-9474-1A3956D46DE8}") = "Business", "Business", "{32AAB84E-6F6D-4AC4-AE58-EE142A624E53}"
EndProject
Project("{2150E333-8FDC-42A3-9474-1A3956D46DE8}") = "Testing", "Testing", "{6668051E-71AE-4824-93A4-84A9D8AEFDC0}"
EndProject
Project("{2150E333-8FDC-42A3-9474-1A3956D46DE8}") = "Domain", "Domain", "{45D31BD5-10D7-42DB-AB1C-F5A738544ED3}"
EndProject
Project("{9A19103F-16F7-4668-BE54-9A1E7A4F7556}") = "VehicleRegister.VehicleAPI", "APIs\VehicleRegister.CarAPI\VehicleRegister.CarAPI\VehicleRegister.VehicleAPI.csproj", "{7E415C87-D30F-4137-82C4-C4789BA7A89B}"
EndProject
Project("{9A19103F-16F7-4668-BE54-9A1E7A4F7556}") = "VehicleRegister.Client", "Client\VehicleRegister.Client\VehicleRegister.Client.csproj", "{E9DCEC72-3F35-4A88-90F2-7CF3CBDDB703}"
EndProject
Project("{9A19103F-16F7-4668-BE54-9A1E7A4F7556}") = "VehicleRegister.Domain", "Domain\VehicleRegister.Domain\VehicleRegister.Domain.csproj", "{1DDEF707-8F11-4958-ABC5-F7FE86C38D07}"
EndProject
Project("{9A19103F-16F7-4668-BE54-9A1E7A4F7556}") = "EntityFramework.Data", "Data\Entity Framwork\EntityFramework.Data\EntityFramework.Data.csproj", "{575F2485-A80F-4086-B378-79B31554BC76}"
EndProject
Project("{9A19103F-16F7-4668-BE54-9A1E7A4F7556}") = "VehicleRegister.Testing", "Testing\VehicleRegister.Testing\VehicleRegister.Testing.csproj", "{86487F47-9299-44A2-8691-84D045AB95A0}"
EndProject
Project("{9A19103F-16F7-4668-BE54-9A1E7A4F7556}") = "VehicleRegister.Business", "Business\VehicleRegister.Business\VehicleRegister.Business.csproj", "{E6C6D885-4D3B-43EB-9F16-36FB328685C7}"
EndProject
Project("{2150E333-8FDC-42A3-9474-1A3956D46DE8}") = "Repository", "Repository", "{713573C9-C45C-4C20-BBAE-FB13A71824A6}"
EndProject
Project("{FAE04EC0-301F-11D3-BF4B-00C04F79EFBC}") = "VehicleRegister.Repository", "Data\Repository\VehicleRegister.Repository\VehicleRegister.Repository.csproj", "{B48F7D26-2870-4DF9-91F1-6A519EA1DFC8}"
EndProject
Global
	GlobalSection(SolutionConfigurationPlatforms) = preSolution
		Debug|Any CPU = Debug|Any CPU
		Release|Any CPU = Release|Any CPU
	EndGlobalSection
	GlobalSection(ProjectConfigurationPlatforms) = postSolution
		{7E415C87-D30F-4137-82C4-C4789BA7A89B}.Debug|Any CPU.ActiveCfg = Debug|Any CPU
		{7E415C87-D30F-4137-82C4-C4789BA7A89B}.Debug|Any CPU.Build.0 = Debug|Any CPU
		{7E415C87-D30F-4137-82C4-C4789BA7A89B}.Release|Any CPU.ActiveCfg = Release|Any CPU
		{7E415C87-D30F-4137-82C4-C4789BA7A89B}.Release|Any CPU.Build.0 = Release|Any CPU
		{E9DCEC72-3F35-4A88-90F2-7CF3CBDDB703}.Debug|Any CPU.ActiveCfg = Debug|Any CPU
		{E9DCEC72-3F35-4A88-90F2-7CF3CBDDB703}.Debug|Any CPU.Build.0 = Debug|Any CPU
		{E9DCEC72-3F35-4A88-90F2-7CF3CBDDB703}.Release|Any CPU.ActiveCfg = Release|Any CPU
		{E9DCEC72-3F35-4A88-90F2-7CF3CBDDB703}.Release|Any CPU.Build.0 = Release|Any CPU
		{1DDEF707-8F11-4958-ABC5-F7FE86C38D07}.Debug|Any CPU.ActiveCfg = Debug|Any CPU
		{1DDEF707-8F11-4958-ABC5-F7FE86C38D07}.Debug|Any CPU.Build.0 = Debug|Any CPU
		{1DDEF707-8F11-4958-ABC5-F7FE86C38D07}.Release|Any CPU.ActiveCfg = Release|Any CPU
		{1DDEF707-8F11-4958-ABC5-F7FE86C38D07}.Release|Any CPU.Build.0 = Release|Any CPU
		{575F2485-A80F-4086-B378-79B31554BC76}.Debug|Any CPU.ActiveCfg = Debug|Any CPU
		{575F2485-A80F-4086-B378-79B31554BC76}.Debug|Any CPU.Build.0 = Debug|Any CPU
		{575F2485-A80F-4086-B378-79B31554BC76}.Release|Any CPU.ActiveCfg = Release|Any CPU
		{575F2485-A80F-4086-B378-79B31554BC76}.Release|Any CPU.Build.0 = Release|Any CPU
		{86487F47-9299-44A2-8691-84D045AB95A0}.Debug|Any CPU.ActiveCfg = Debug|Any CPU
		{86487F47-9299-44A2-8691-84D045AB95A0}.Debug|Any CPU.Build.0 = Debug|Any CPU
		{86487F47-9299-44A2-8691-84D045AB95A0}.Release|Any CPU.ActiveCfg = Release|Any CPU
		{86487F47-9299-44A2-8691-84D045AB95A0}.Release|Any CPU.Build.0 = Release|Any CPU
		{E6C6D885-4D3B-43EB-9F16-36FB328685C7}.Debug|Any CPU.ActiveCfg = Debug|Any CPU
		{E6C6D885-4D3B-43EB-9F16-36FB328685C7}.Debug|Any CPU.Build.0 = Debug|Any CPU
		{E6C6D885-4D3B-43EB-9F16-36FB328685C7}.Release|Any CPU.ActiveCfg = Release|Any CPU
		{E6C6D885-4D3B-43EB-9F16-36FB328685C7}.Release|Any CPU.Build.0 = Release|Any CPU
		{B48F7D26-2870-4DF9-91F1-6A519EA1DFC8}.Debug|Any CPU.ActiveCfg = Debug|Any CPU
		{B48F7D26-2870-4DF9-91F1-6A519EA1DFC8}.Debug|Any CPU.Build.0 = Debug|Any CPU
		{B48F7D26-2870-4DF9-91F1-6A519EA1DFC8}.Release|Any CPU.ActiveCfg = Release|Any CPU
		{B48F7D26-2870-4DF9-91F1-6A519EA1DFC8}.Release|Any CPU.Build.0 = Release|Any CPU
	EndGlobalSection
	GlobalSection(SolutionProperties) = preSolution
		HideSolutionNode = FALSE
	EndGlobalSection
	GlobalSection(NestedProjects) = preSolution
		{4C445657-562C-418D-9389-A7B596A62227} = {3EABC766-5B66-42B8-9C44-660911380DA4}
		{610E8893-9E11-40E8-84AB-C6BFF1076B14} = {F12D63DC-BF9A-4835-B7B6-FFE5D211BB6D}
		{7E415C87-D30F-4137-82C4-C4789BA7A89B} = {4C445657-562C-418D-9389-A7B596A62227}
		{E9DCEC72-3F35-4A88-90F2-7CF3CBDDB703} = {79E3066B-CCD2-403C-9950-FCEB994270BB}
		{1DDEF707-8F11-4958-ABC5-F7FE86C38D07} = {45D31BD5-10D7-42DB-AB1C-F5A738544ED3}
		{575F2485-A80F-4086-B378-79B31554BC76} = {610E8893-9E11-40E8-84AB-C6BFF1076B14}
		{86487F47-9299-44A2-8691-84D045AB95A0} = {6668051E-71AE-4824-93A4-84A9D8AEFDC0}
		{E6C6D885-4D3B-43EB-9F16-36FB328685C7} = {32AAB84E-6F6D-4AC4-AE58-EE142A624E53}
		{713573C9-C45C-4C20-BBAE-FB13A71824A6} = {F12D63DC-BF9A-4835-B7B6-FFE5D211BB6D}
		{B48F7D26-2870-4DF9-91F1-6A519EA1DFC8} = {713573C9-C45C-4C20-BBAE-FB13A71824A6}
	EndGlobalSection
	GlobalSection(ExtensibilityGlobals) = postSolution
		SolutionGuid = {12983FA7-2CB9-4A04-AB81-B22BD8B9DE09}
	EndGlobalSection
EndGlobal
